
Microsoft Visual Studio Solution File, Format Version 12.00
# Visual Studio Version 17
VisualStudioVersion = 17.14.37111.16
MinimumVisualStudioVersion = 10.0.40219.1
Project("{FAE04EC0-301F-11D3-BF4B-00C04F79EFBC}") = "QuickCare", "QuickCare\QuickCare.csproj", "{136444AB-D48F-4907-BDB5-BBC40DC8127B}"
EndProject
Project("{FAE04EC0-301F-11D3-BF4B-00C04F79EFBC}") = "Common_QuickCare", "Common_QuickCare\Common_QuickCare.csproj", "{1D103CF9-67C6-481A-8931-9A63B7FA4784}"
EndProject
Global
	GlobalSection(SolutionConfigurationPlatforms) = preSolution
		Debug|Any CPU = Debug|Any CPU
		Release|Any CPU = Release|Any CPU
	EndGlobalSection
	GlobalSection(ProjectConfigurationPlatforms) = postSolution
		{136444AB-D48F-4907-BDB5-BBC40DC8127B}.Debug|Any CPU.ActiveCfg = Debug|Any CPU
		{136444AB-D48F-4907-BDB5-BBC40DC8127B}.Debug|Any CPU.Build.0 = Debug|Any CPU
		{136444AB-D48F-4907-BDB5-BBC40DC8127B}.Release|Any CPU.ActiveCfg = Release|Any CPU
		{136444AB-D48F-4907-BDB5-BBC40DC8127B}.Release|Any CPU.Build.0 = Release|Any CPU
		{1D103CF9-67C6-481A-8931-9A63B7FA4784}.Debug|Any CPU.ActiveCfg = Debug|Any CPU
		{1D103CF9-67C6-481A-8931-9A63B7FA4784}.Debug|Any CPU.Build.0 = Debug|Any CPU
		{1D103CF9-67C6-481A-8931-9A63B7FA4784}.Release|Any CPU.ActiveCfg = Release|Any CPU
		{1D103CF9-67C6-481A-8931-9A63B7FA4784}.Release|Any CPU.Build.0 = Release|Any CPU
	EndGlobalSection
	GlobalSection(SolutionProperties) = preSolution
		HideSolutionNode = FALSE
	EndGlobalSection
	GlobalSection(ExtensibilityGlobals) = postSolution
		SolutionGuid = {167A0569-0BCE-48EE-8457-B974C93C77F9}
	EndGlobalSection
EndGlobal
